# Generated by buf. DO NOT EDIT.
version: v1
deps:
  - remote: buf.build
    owner: cosmos
    repository: cosmos-proto
    commit: 04467658e59e44bbb22fe568206e1f70
    digest: shake256:73a640bd60e0c523b0f8237ff34eab67c45a38b64bbbde1d80224819d272dbf316ac183526bd245f994af6608b025f5130483d0133c5edd385531326b5990466
  - remote: buf.build
    owner: cosmos
    repository: cosmos-sdk
    commit: 05419252bcc241ea8023acf1ed4cadc5
    digest: shake256:1e54a48c19a8b59d35e0a7efa76402939f515f2d8005df099856f24c37c20a52800308f025abb8cffcd014d437b49707388aaca4865d9d063d8f25d5d4eb77d5
  - remote: buf.build
    owner: cosmos
    repository: gogo-proto
    commit: 88ef6483f90f478fb938c37dde52ece3
    digest: shake256:89c45df2aa11e0cff97b0d695436713db3d993d76792e9f8dc1ae90e6ab9a9bec55503d48ceedd6b86069ab07d3041b32001b2bfe0227fa725dd515ff381e5ba
  - remote: buf.build
    owner: cosmos
    repository: ibc
    commit: a7af51c19a5c4027881b0f6ec5441718
    digest: shake256:33e24113f0f697aad2fd3f0a5ee16a2607f6ec54d715835e3864b353bd72800a3d52bb040786763dc465942c4d796e7c141dba729e53091268ecbe0614004072
  - remote: buf.build
    owner: cosmos
    repository: ics23
    commit: dc427cb4519143d8996361c045a29ad7
    digest: shake256:f6611c56170e2cb6354fa6e367a225fed7b8b0defca3252f05e842fe311be46997680ebf57d8644b52c1f2cca49b366ffe89ce5e8db5fd055a15259c88e4e41e
  - remote: buf.build
    owner: googleapis
    repository: googleapis
    commit: acd896313c55464b993332136ded1b6e
    digest: shake256:66626d5e4d9c8ecf25cd72bdbfbbf62b9a68e9e9c33dab6b9b39a53a67063eeba6b8493247dd6d6240b1ac1c32eb2dc311484e67dd7d271884a960c2e5ce8c9a
  - remote: buf.build
    owner: protocolbuffers
    repository: wellknowntypes
    commit: 384f8deef6ae4110b57d996aad0032c4
    digest: shake256:2ed272f48ab530c2581a71237043ce20e93724aa2e84f0ac555e82d7dca8061ee530d0e5f91835f1b7374b8db179ab2a75e8452af71ceb2285f411de8816bec3
  - remote: buf.build
    owner: tendermint
    repository: tendermint
    commit: 33ed361a90514289beabf3189e1d7665
    digest: shake256:038267e06294714fd883610626554b04a127b576b4e253befb4206cb72d5d3c1eeccacd4b9ec8e3fb891f7c14e1cb0f770c077d2989638995b0a61c85afedb1d
