{
  "name": "validators",
  "lockfileVersion": 3,
  "requires": true,
  "packages": {
    "": {
      "dependencies": {
        "ramda": "^0.30.1"
      }
    },
    "node_modules/ramda": {
      "version": "0.30.1",
      "resolved": "https://registry.npmjs.org/ramda/-/ramda-0.30.1.tgz",
      "integrity": "sha512-tEF5I22zJnuclswcZMc8bDIrwRHRzf+NqVEmqg50ShAZMP7MWeR/RGDthfM/p+BlqvF2fXAzpn8i+SJcYD3alw==",
      "funding": {
        "type": "opencollective",
        "url": "https://opencollective.com/ramda"
      }
    }
  }
}
